
Microsoft Visual Studio Solution File, Format Version 12.00
# Visual Studio Version 17
VisualStudioVersion = 17.11.35222.181
MinimumVisualStudioVersion = 10.0.40219.1
Project("{2150E333-8FDC-42A3-9474-1A3956D46DE8}") = "src", "src", "{756E4F34-8905-40C1-AD2F-B3500CEB6C5A}"
EndProject
Project("{9A19103F-16F7-4668-BE54-9A1E7A4F7556}") = "Domain", "Domain\Domain.csproj", "{C90A3B01-0731-4F05-8F1E-FC63950C89BF}"
EndProject
Project("{9A19103F-16F7-4668-BE54-9A1E7A4F7556}") = "Application", "Application\Application.csproj", "{41032412-63E9-4C12-B4CD-2BF5FCB35BFE}"
EndProject
Project("{9A19103F-16F7-4668-BE54-9A1E7A4F7556}") = "Infrastructure", "Infrastructure\Infrastructure.csproj", "{912FE90D-B21A-42C9-906A-487605384A6B}"
EndProject
Project("{9A19103F-16F7-4668-BE54-9A1E7A4F7556}") = "Presentation", "Presentation\Presentation.csproj", "{5E5DC441-AB72-4BD4-A93A-A9626E7F4677}"
EndProject
Project("{9A19103F-16F7-4668-BE54-9A1E7A4F7556}") = "DokuTV.Api", "DokuTV.Api\DokuTV.Api.csproj", "{95607515-69E3-438B-B74B-697B75BE41D6}"
EndProject
Project("{FAE04EC0-301F-11D3-BF4B-00C04F79EFBC}") = "Blazor", "Blazor\Blazor.csproj", "{25029E9D-5090-4845-9A1B-CC5741A0212C}"
EndProject
Project("{2150E333-8FDC-42A3-9474-1A3956D46DE8}") = "tests", "tests", "{98C59BEF-D541-4194-AB70-D73AF0B773DC}"
EndProject
Project("{FAE04EC0-301F-11D3-BF4B-00C04F79EFBC}") = "Domain.Tests", "Domain.Tests\Domain.Tests.csproj", "{57832227-CE91-4592-90F5-786AF5967868}"
EndProject
Global
	GlobalSection(SolutionConfigurationPlatforms) = preSolution
		Debug|Any CPU = Debug|Any CPU
		Release|Any CPU = Release|Any CPU
	EndGlobalSection
	GlobalSection(ProjectConfigurationPlatforms) = postSolution
		{C90A3B01-0731-4F05-8F1E-FC63950C89BF}.Debug|Any CPU.ActiveCfg = Debug|Any CPU
		{C90A3B01-0731-4F05-8F1E-FC63950C89BF}.Debug|Any CPU.Build.0 = Debug|Any CPU
		{C90A3B01-0731-4F05-8F1E-FC63950C89BF}.Release|Any CPU.ActiveCfg = Release|Any CPU
		{C90A3B01-0731-4F05-8F1E-FC63950C89BF}.Release|Any CPU.Build.0 = Release|Any CPU
		{41032412-63E9-4C12-B4CD-2BF5FCB35BFE}.Debug|Any CPU.ActiveCfg = Debug|Any CPU
		{41032412-63E9-4C12-B4CD-2BF5FCB35BFE}.Debug|Any CPU.Build.0 = Debug|Any CPU
		{41032412-63E9-4C12-B4CD-2BF5FCB35BFE}.Release|Any CPU.ActiveCfg = Release|Any CPU
		{41032412-63E9-4C12-B4CD-2BF5FCB35BFE}.Release|Any CPU.Build.0 = Release|Any CPU
		{912FE90D-B21A-42C9-906A-487605384A6B}.Debug|Any CPU.ActiveCfg = Debug|Any CPU
		{912FE90D-B21A-42C9-906A-487605384A6B}.Debug|Any CPU.Build.0 = Debug|Any CPU
		{912FE90D-B21A-42C9-906A-487605384A6B}.Release|Any CPU.ActiveCfg = Release|Any CPU
		{912FE90D-B21A-42C9-906A-487605384A6B}.Release|Any CPU.Build.0 = Release|Any CPU
		{5E5DC441-AB72-4BD4-A93A-A9626E7F4677}.Debug|Any CPU.ActiveCfg = Debug|Any CPU
		{5E5DC441-AB72-4BD4-A93A-A9626E7F4677}.Debug|Any CPU.Build.0 = Debug|Any CPU
		{5E5DC441-AB72-4BD4-A93A-A9626E7F4677}.Release|Any CPU.ActiveCfg = Release|Any CPU
		{5E5DC441-AB72-4BD4-A93A-A9626E7F4677}.Release|Any CPU.Build.0 = Release|Any CPU
		{95607515-69E3-438B-B74B-697B75BE41D6}.Debug|Any CPU.ActiveCfg = Debug|Any CPU
		{95607515-69E3-438B-B74B-697B75BE41D6}.Debug|Any CPU.Build.0 = Debug|Any CPU
		{95607515-69E3-438B-B74B-697B75BE41D6}.Release|Any CPU.ActiveCfg = Release|Any CPU
		{95607515-69E3-438B-B74B-697B75BE41D6}.Release|Any CPU.Build.0 = Release|Any CPU
		{25029E9D-5090-4845-9A1B-CC5741A0212C}.Debug|Any CPU.ActiveCfg = Debug|Any CPU
		{25029E9D-5090-4845-9A1B-CC5741A0212C}.Debug|Any CPU.Build.0 = Debug|Any CPU
		{25029E9D-5090-4845-9A1B-CC5741A0212C}.Release|Any CPU.ActiveCfg = Release|Any CPU
		{25029E9D-5090-4845-9A1B-CC5741A0212C}.Release|Any CPU.Build.0 = Release|Any CPU
		{57832227-CE91-4592-90F5-786AF5967868}.Debug|Any CPU.ActiveCfg = Debug|Any CPU
		{57832227-CE91-4592-90F5-786AF5967868}.Debug|Any CPU.Build.0 = Debug|Any CPU
		{57832227-CE91-4592-90F5-786AF5967868}.Release|Any CPU.ActiveCfg = Release|Any CPU
		{57832227-CE91-4592-90F5-786AF5967868}.Release|Any CPU.Build.0 = Release|Any CPU
	EndGlobalSection
	GlobalSection(SolutionProperties) = preSolution
		HideSolutionNode = FALSE
	EndGlobalSection
	GlobalSection(NestedProjects) = preSolution
		{C90A3B01-0731-4F05-8F1E-FC63950C89BF} = {756E4F34-8905-40C1-AD2F-B3500CEB6C5A}
		{41032412-63E9-4C12-B4CD-2BF5FCB35BFE} = {756E4F34-8905-40C1-AD2F-B3500CEB6C5A}
		{912FE90D-B21A-42C9-906A-487605384A6B} = {756E4F34-8905-40C1-AD2F-B3500CEB6C5A}
		{5E5DC441-AB72-4BD4-A93A-A9626E7F4677} = {756E4F34-8905-40C1-AD2F-B3500CEB6C5A}
		{95607515-69E3-438B-B74B-697B75BE41D6} = {756E4F34-8905-40C1-AD2F-B3500CEB6C5A}
		{25029E9D-5090-4845-9A1B-CC5741A0212C} = {756E4F34-8905-40C1-AD2F-B3500CEB6C5A}
		{57832227-CE91-4592-90F5-786AF5967868} = {98C59BEF-D541-4194-AB70-D73AF0B773DC}
	EndGlobalSection
	GlobalSection(ExtensibilityGlobals) = postSolution
		SolutionGuid = {95F192F0-5800-473C-A079-EE658DCA6C18}
	EndGlobalSection
EndGlobal
